// !$*UTF8*$!
{
	archiveVersion = 1;
	classes = {
	};
	objectVersion = 50;
	objects = {

/* Begin PBXBuildFile section */
		04E733B9253831F300DB33CC /* AppDelegate.m in Sources */ = {isa = PBXBuildFile; fileRef = 04E733B8253831F300DB33CC /* AppDelegate.m */; };
		04E733BF253831F300DB33CC /* ViewController.m in Sources */ = {isa = PBXBuildFile; fileRef = 04E733BE253831F300DB33CC /* ViewController.m */; };
		04E733C2253831F300DB33CC /* Main.storyboard in Resources */ = {isa = PBXBuildFile; fileRef = 04E733C0253831F300DB33CC /* Main.storyboard */; };
		04E733C4253831F500DB33CC /* Assets.xcassets in Resources */ = {isa = PBXBuildFile; fileRef = 04E733C3253831F500DB33CC /* Assets.xcassets */; };
		04E733C7253831F500DB33CC /* LaunchScreen.storyboard in Resources */ = {isa = PBXBuildFile; fileRef = 04E733C5253831F500DB33CC /* LaunchScreen.storyboard */; };
		04E733CA253831F500DB33CC /* main.m in Sources */ = {isa = PBXBuildFile; fileRef = 04E733C9253831F500DB33CC /* main.m */; };
		04E733D4253831F500DB33CC /* fontTests.m in Sources */ = {isa = PBXBuildFile; fileRef = 04E733D3253831F500DB33CC /* fontTests.m */; };
		04E733DF253831F500DB33CC /* fontUITests.m in Sources */ = {isa = PBXBuildFile; fileRef = 04E733DE253831F500DB33CC /* fontUITests.m */; };
		04E733FE2538336700DB33CC /* FZHuangTJXSJF.TTF in Resources */ = {isa = PBXBuildFile; fileRef = 04E733FD2538336700DB33CC /* FZHuangTJXSJF.TTF */; };
		04E7340D25383BD000DB33CC /* FZZYHTJW.TTF in Resources */ = {isa = PBXBuildFile; fileRef = 04E7340C25383BD000DB33CC /* FZZYHTJW.TTF */; };
		04E7341225383C3400DB33CC /* ChanYuMengXinTi.ttf in Resources */ = {isa = PBXBuildFile; fileRef = 04E7341125383C3400DB33CC /* ChanYuMengXinTi.ttf */; };
/* End PBXBuildFile section */

/* Begin PBXContainerItemProxy section */
		04E733D0253831F500DB33CC /* PBXContainerItemProxy */ = {
			isa = PBXContainerItemProxy;
			containerPortal = 04E733AC253831F300DB33CC /* Project object */;
			proxyType = 1;
			remoteGlobalIDString = 04E733B3253831F300DB33CC;
			remoteInfo = font;
		};
		04E733DB253831F500DB33CC /* PBXContainerItemProxy */ = {
			isa = PBXContainerItemProxy;
			containerPortal = 04E733AC253831F300DB33CC /* Project object */;
			proxyType = 1;
			remoteGlobalIDString = 04E733B3253831F300DB33CC;
			remoteInfo = font;
		};
/* End PBXContainerItemProxy section */

/* Begin PBXFileReference section */
		04E733B4253831F300DB33CC /* font.app */ = {isa = PBXFileReference; explicitFileType = wrapper.application; includeInIndex = 0; path = font.app; sourceTree = BUILT_PRODUCTS_DIR; };
		04E733B7253831F300DB33CC /* AppDelegate.h */ = {isa = PBXFileReference; lastKnownFileType = sourcecode.c.h; path = AppDelegate.h; sourceTree = "<group>"; };
		04E733B8253831F300DB33CC /* AppDelegate.m */ = {isa = PBXFileReference; lastKnownFileType = sourcecode.c.objc; path = AppDelegate.m; sourceTree = "<group>"; };
		04E733BD253831F300DB33CC /* ViewController.h */ = {isa = PBXFileReference; lastKnownFileType = sourcecode.c.h; path = ViewController.h; sourceTree = "<group>"; };
		04E733BE253831F300DB33CC /* ViewController.m */ = {isa = PBXFileReference; lastKnownFileType = sourcecode.c.objc; path = ViewController.m; sourceTree = "<group>"; };
		04E733C1253831F300DB33CC /* Base */ = {isa = PBXFileReference; lastKnownFileType = file.storyboard; name = Base; path = Base.lproj/Main.storyboard; sourceTree = "<group>"; };
		04E733C3253831F500DB33CC /* Assets.xcassets */ = {isa = PBXFileReference; lastKnownFileType = folder.assetcatalog; path = Assets.xcassets; sourceTree = "<group>"; };
		04E733C6253831F500DB33CC /* Base */ = {isa = PBXFileReference; lastKnownFileType = file.storyboard; name = Base; path = Base.lproj/LaunchScreen.storyboard; sourceTree = "<group>"; };
		04E733C8253831F500DB33CC /* Info.plist */ = {isa = PBXFileReference; lastKnownFileType = text.plist.xml; path = Info.plist; sourceTree = "<group>"; };
		04E733C9253831F500DB33CC /* main.m */ = {isa = PBXFileReference; lastKnownFileType = sourcecode.c.objc; path = main.m; sourceTree = "<group>"; };
		04E733CF253831F500DB33CC /* fontTests.xctest */ = {isa = PBXFileReference; explicitFileType = wrapper.cfbundle; includeInIndex = 0; path = fontTests.xctest; sourceTree = BUILT_PRODUCTS_DIR; };
		04E733D3253831F500DB33CC /* fontTests.m */ = {isa = PBXFileReference; lastKnownFileType = sourcecode.c.objc; path = fontTests.m; sourceTree = "<group>"; };
		04E733D5253831F500DB33CC /* Info.plist */ = {isa = PBXFileReference; lastKnownFileType = text.plist.xml; path = Info.plist; sourceTree = "<group>"; };
		04E733DA253831F500DB33CC /* fontUITests.xctest */ = {isa = PBXFileReference; explicitFileType = wrapper.cfbundle; includeInIndex = 0; path = fontUITests.xctest; sourceTree = BUILT_PRODUCTS_DIR; };
		04E733DE253831F500DB33CC /* fontUITests.m */ = {isa = PBXFileReference; lastKnownFileType = sourcecode.c.objc; path = fontUITests.m; sourceTree = "<group>"; };
		04E733E0253831F500DB33CC /* Info.plist */ = {isa = PBXFileReference; lastKnownFileType = text.plist.xml; path = Info.plist; sourceTree = "<group>"; };
		04E733FD2538336700DB33CC /* FZHuangTJXSJF.TTF */ = {isa = PBXFileReference; lastKnownFileType = file; path = FZHuangTJXSJF.TTF; sourceTree = "<group>"; };
		04E7340C25383BD000DB33CC /* FZZYHTJW.TTF */ = {isa = PBXFileReference; lastKnownFileType = file; path = FZZYHTJW.TTF; sourceTree = "<group>"; };
		04E7341125383C3400DB33CC /* ChanYuMengXinTi.ttf */ = {isa = PBXFileReference; lastKnownFileType = file; path = ChanYuMengXinTi.ttf; sourceTree = "<group>"; };
/* End PBXFileReference section */

/* Begin PBXFrameworksBuildPhase section */
		04E733B1253831F300DB33CC /* Frameworks */ = {
			isa = PBXFrameworksBuildPhase;
			buildActionMask = 2147483647;
			files = (
			);
			runOnlyForDeploymentPostprocessing = 0;
		};
		04E733CC253831F500DB33CC /* Frameworks */ = {
			isa = PBXFrameworksBuildPhase;
			buildActionMask = 2147483647;
			files = (
			);
			runOnlyForDeploymentPostprocessing = 0;
		};
		04E733D7253831F500DB33CC /* Frameworks */ = {
			isa = PBXFrameworksBuildPhase;
			buildActionMask = 2147483647;
			files = (
			);
			runOnlyForDeploymentPostprocessing = 0;
		};
/* End PBXFrameworksBuildPhase section */

/* Begin PBXGroup section */
		04E733AB253831F300DB33CC = {
			isa = PBXGroup;
			children = (
				04E733B6253831F300DB33CC /* font */,
				04E733D2253831F500DB33CC /* fontTests */,
				04E733DD253831F500DB33CC /* fontUITests */,
				04E733B5253831F300DB33CC /* Products */,
			);
			sourceTree = "<group>";
		};
		04E733B5253831F300DB33CC /* Products */ = {
			isa = PBXGroup;
			children = (
				04E733B4253831F300DB33CC /* font.app */,
				04E733CF253831F500DB33CC /* fontTests.xctest */,
				04E733DA253831F500DB33CC /* fontUITests.xctest */,
			);
			name = Products;
			sourceTree = "<group>";
		};
		04E733B6253831F300DB33CC /* font */ = {
			isa = PBXGroup;
			children = (
				04E734022538336C00DB33CC /* font */,
				04E733B7253831F300DB33CC /* AppDelegate.h */,
				04E733B8253831F300DB33CC /* AppDelegate.m */,
				04E733BD253831F300DB33CC /* ViewController.h */,
				04E733BE253831F300DB33CC /* ViewController.m */,
				04E733C0253831F300DB33CC /* Main.storyboard */,
				04E733C3253831F500DB33CC /* Assets.xcassets */,
				04E733C5253831F500DB33CC /* LaunchScreen.storyboard */,
				04E733C8253831F500DB33CC /* Info.plist */,
				04E733C9253831F500DB33CC /* main.m */,
			);
			path = font;
			sourceTree = "<group>";
		};
		04E733D2253831F500DB33CC /* fontTests */ = {
			isa = PBXGroup;
			children = (
				04E733D3253831F500DB33CC /* fontTests.m */,
				04E733D5253831F500DB33CC /* Info.plist */,
			);
			path = fontTests;
			sourceTree = "<group>";
		};
		04E733DD253831F500DB33CC /* fontUITests */ = {
			isa = PBXGroup;
			children = (
				04E733DE253831F500DB33CC /* fontUITests.m */,
				04E733E0253831F500DB33CC /* Info.plist */,
			);
			path = fontUITests;
			sourceTree = "<group>";
		};
		04E734022538336C00DB33CC /* font */ = {
			isa = PBXGroup;
			children = (
				04E7341125383C3400DB33CC /* ChanYuMengXinTi.ttf */,
				04E7340C25383BD000DB33CC /* FZZYHTJW.TTF */,
				04E733FD2538336700DB33CC /* FZHuangTJXSJF.TTF */,
			);
			path = font;
			sourceTree = "<group>";
		};
/* End PBXGroup section */

/* Begin PBXNativeTarget section */
		04E733B3253831F300DB33CC /* font */ = {
			isa = PBXNativeTarget;
			buildConfigurationList = 04E733E3253831F500DB33CC /* Build configuration list for PBXNativeTarget "font" */;
			buildPhases = (
				04E733B0253831F300DB33CC /* Sources */,
				04E733B1253831F300DB33CC /* Frameworks */,
				04E733B2253831F300DB33CC /* Resources */,
			);
			buildRules = (
			);
			dependencies = (
			);
			name = font;
			productName = font;
			productReference = 04E733B4253831F300DB33CC /* font.app */;
			productType = "com.apple.product-type.application";
		};
		04E733CE253831F500DB33CC /* fontTests */ = {
			isa = PBXNativeTarget;
			buildConfigurationList = 04E733E6253831F500DB33CC /* Build configuration list for PBXNativeTarget "fontTests" */;
			buildPhases = (
				04E733CB253831F500DB33CC /* Sources */,
				04E733CC253831F500DB33CC /* Frameworks */,
				04E733CD253831F500DB33CC /* Resources */,
			);
			buildRules = (
			);
			dependencies = (
				04E733D1253831F500DB33CC /* PBXTargetDependency */,
			);
			name = fontTests;
			productName = fontTests;
			productReference = 04E733CF253831F500DB33CC /* fontTests.xctest */;
			productType = "com.apple.product-type.bundle.unit-test";
		};
		04E733D9253831F500DB33CC /* fontUITests */ = {
			isa = PBXNativeTarget;
			buildConfigurationList = 04E733E9253831F500DB33CC /* Build configuration list for PBXNativeTarget "fontUITests" */;
			buildPhases = (
				04E733D6253831F500DB33CC /* Sources */,
				04E733D7253831F500DB33CC /* Frameworks */,
				04E733D8253831F500DB33CC /* Resources */,
			);
			buildRules = (
			);
			dependencies = (
				04E733DC253831F500DB33CC /* PBXTargetDependency */,
			);
			name = fontUITests;
			productName = fontUITests;
			productReference = 04E733DA253831F500DB33CC /* fontUITests.xctest */;
			productType = "com.apple.product-type.bundle.ui-testing";
		};
/* End PBXNativeTarget section */

/* Begin PBXProject section */
		04E733AC253831F300DB33CC /* Project object */ = {
			isa = PBXProject;
			attributes = {
				LastUpgradeCheck = 1200;
				TargetAttributes = {
					04E733B3253831F300DB33CC = {
						CreatedOnToolsVersion = 12.0.1;
					};
					04E733CE253831F500DB33CC = {
						CreatedOnToolsVersion = 12.0.1;
						TestTargetID = 04E733B3253831F300DB33CC;
					};
					04E733D9253831F500DB33CC = {
						CreatedOnToolsVersion = 12.0.1;
						TestTargetID = 04E733B3253831F300DB33CC;
					};
				};
			};
			buildConfigurationList = 04E733AF253831F300DB33CC /* Build configuration list for PBXProject "font" */;
			compatibilityVersion = "Xcode 9.3";
			developmentRegion = en;
			hasScannedForEncodings = 0;
			knownRegions = (
				en,
				Base,
			);
			mainGroup = 04E733AB253831F300DB33CC;
			productRefGroup = 04E733B5253831F300DB33CC /* Products */;
			projectDirPath = "";
			projectRoot = "";
			targets = (
				04E733B3253831F300DB33CC /* font */,
				04E733CE253831F500DB33CC /* fontTests */,
				04E733D9253831F500DB33CC /* fontUITests */,
			);
		};
/* End PBXProject section */

/* Begin PBXResourcesBuildPhase section */
		04E733B2253831F300DB33CC /* Resources */ = {
			isa = PBXResourcesBuildPhase;
			buildActionMask = 2147483647;
			files = (
				04E733C7253831F500DB33CC /* LaunchScreen.storyboard in Resources */,
				04E733C4253831F500DB33CC /* Assets.xcassets in Resources */,
				04E7340D25383BD000DB33CC /* FZZYHTJW.TTF in Resources */,
				04E7341225383C3400DB33CC /* ChanYuMengXinTi.ttf in Resources */,
				04E733FE2538336700DB33CC /* FZHuangTJXSJF.TTF in Resources */,
				04E733C2253831F300DB33CC /* Main.storyboard in Resources */,
			);
			runOnlyForDeploymentPostprocessing = 0;
		};
		04E733CD253831F500DB33CC /* Resources */ = {
			isa = PBXResourcesBuildPhase;
			buildActionMask = 2147483647;
			files = (
			);
			runOnlyForDeploymentPostprocessing = 0;
		};
		04E733D8253831F500DB33CC /* Resources */ = {
			isa = PBXResourcesBuildPhase;
			buildActionMask = 2147483647;
			files = (
			);
			runOnlyForDeploymentPostprocessing = 0;
		};
/* End PBXResourcesBuildPhase section */

/* Begin PBXSourcesBuildPhase section */
		04E733B0253831F300DB33CC /* Sources */ = {
			isa = PBXSourcesBuildPhase;
			buildActionMask = 2147483647;
			files = (
				04E733BF253831F300DB33CC /* ViewController.m in Sources */,
				04E733B9253831F300DB33CC /* AppDelegate.m in Sources */,
				04E733CA253831F500DB33CC /* main.m in Sources */,
			);
			runOnlyForDeploymentPostprocessing = 0;
		};
		04E733CB253831F500DB33CC /* Sources */ = {
			isa = PBXSourcesBuildPhase;
			buildActionMask = 2147483647;
			files = (
				04E733D4253831F500DB33CC /* fontTests.m in Sources */,
			);
			runOnlyForDeploymentPostprocessing = 0;
		};
		04E733D6253831F500DB33CC /* Sources */ = {
			isa = PBXSourcesBuildPhase;
			buildActionMask = 2147483647;
			files = (
				04E733DF253831F500DB33CC /* fontUITests.m in Sources */,
			);
			runOnlyForDeploymentPostprocessing = 0;
		};
/* End PBXSourcesBuildPhase section */

/* Begin PBXTargetDependency section */
		04E733D1253831F500DB33CC /* PBXTargetDependency */ = {
			isa = PBXTargetDependency;
			target = 04E733B3253831F300DB33CC /* font */;
			targetProxy = 04E733D0253831F500DB33CC /* PBXContainerItemProxy */;
		};
		04E733DC253831F500DB33CC /* PBXTargetDependency */ = {
			isa = PBXTargetDependency;
			target = 04E733B3253831F300DB33CC /* font */;
			targetProxy = 04E733DB253831F500DB33CC /* PBXContainerItemProxy */;
		};
/* End PBXTargetDependency section */

/* Begin PBXVariantGroup section */
		04E733C0253831F300DB33CC /* Main.storyboard */ = {
			isa = PBXVariantGroup;
			children = (
				04E733C1253831F300DB33CC /* Base */,
			);
			name = Main.storyboard;
			sourceTree = "<group>";
		};
		04E733C5253831F500DB33CC /* LaunchScreen.storyboard */ = {
			isa = PBXVariantGroup;
			children = (
				04E733C6253831F500DB33CC /* Base */,
			);
			name = LaunchScreen.storyboard;
			sourceTree = "<group>";
		};
/* End PBXVariantGroup section */

/* Begin XCBuildConfiguration section */
		04E733E1253831F500DB33CC /* Debug */ = {
			isa = XCBuildConfiguration;
			buildSettings = {
				ALWAYS_SEARCH_USER_PATHS = NO;
				CLANG_ANALYZER_NONNULL = YES;
				CLANG_ANALYZER_NUMBER_OBJECT_CONVERSION = YES_AGGRESSIVE;
				CLANG_CXX_LANGUAGE_STANDARD = "gnu++14";
				CLANG_CXX_LIBRARY = "libc++";
				CLANG_ENABLE_MODULES = YES;
				CLANG_ENABLE_OBJC_ARC = YES;
				CLANG_ENABLE_OBJC_WEAK = YES;
				CLANG_WARN_BLOCK_CAPTURE_AUTORELEASING = YES;
				CLANG_WARN_BOOL_CONVERSION = YES;
				CLANG_WARN_COMMA = YES;
				CLANG_WARN_CONSTANT_CONVERSION = YES;
				CLANG_WARN_DEPRECATED_OBJC_IMPLEMENTATIONS = YES;
				CLANG_WARN_DIRECT_OBJC_ISA_USAGE = YES_ERROR;
				CLANG_WARN_DOCUMENTATION_COMMENTS = YES;
				CLANG_WARN_EMPTY_BODY = YES;
				CLANG_WARN_ENUM_CONVERSION = YES;
				CLANG_WARN_INFINITE_RECURSION = YES;
				CLANG_WARN_INT_CONVERSION = YES;
				CLANG_WARN_NON_LITERAL_NULL_CONVERSION = YES;
				CLANG_WARN_OBJC_IMPLICIT_RETAIN_SELF = YES;
				CLANG_WARN_OBJC_LITERAL_CONVERSION = YES;
				CLANG_WARN_OBJC_ROOT_CLASS = YES_ERROR;
				CLANG_WARN_QUOTED_INCLUDE_IN_FRAMEWORK_HEADER = YES;
				CLANG_WARN_RANGE_LOOP_ANALYSIS = YES;
				CLANG_WARN_STRICT_PROTOTYPES = YES;
				CLANG_WARN_SUSPICIOUS_MOVE = YES;
				CLANG_WARN_UNGUARDED_AVAILABILITY = YES_AGGRESSIVE;
				CLANG_WARN_UNREACHABLE_CODE = YES;
				CLANG_WARN__DUPLICATE_METHOD_MATCH = YES;
				COPY_PHASE_STRIP = NO;
				DEBUG_INFORMATION_FORMAT = dwarf;
				ENABLE_STRICT_OBJC_MSGSEND = YES;
				ENABLE_TESTABILITY = YES;
				GCC_C_LANGUAGE_STANDARD = gnu11;
				GCC_DYNAMIC_NO_PIC = NO;
				GCC_NO_COMMON_BLOCKS = YES;
				GCC_OPTIMIZATION_LEVEL = 0;
				GCC_PREPROCESSOR_DEFINITIONS = (
					"DEBUG=1",
					"$(inherited)",
				);
				GCC_WARN_64_TO_32_BIT_CONVERSION = YES;
				GCC_WARN_ABOUT_RETURN_TYPE = YES_ERROR;
				GCC_WARN_UNDECLARED_SELECTOR = YES;
				GCC_WARN_UNINITIALIZED_AUTOS = YES_AGGRESSIVE;
				GCC_WARN_UNUSED_FUNCTION = YES;
				GCC_WARN_UNUSED_VARIABLE = YES;
				IPHONEOS_DEPLOYMENT_TARGET = 14.0;
				MTL_ENABLE_DEBUG_INFO = INCLUDE_SOURCE;
				MTL_FAST_MATH = YES;
				ONLY_ACTIVE_ARCH = YES;
				SDKROOT = iphoneos;
			};
			name = Debug;
		};
		04E733E2253831F500DB33CC /* Release */ = {
			isa = XCBuildConfiguration;
			buildSettings = {
				ALWAYS_SEARCH_USER_PATHS = NO;
				CLANG_ANALYZER_NONNULL = YES;
				CLANG_ANALYZER_NUMBER_OBJECT_CONVERSION = YES_AGGRESSIVE;
				CLANG_CXX_LANGUAGE_STANDARD = "gnu++14";
				CLANG_CXX_LIBRARY = "libc++";
				CLANG_ENABLE_MODULES = YES;
				CLANG_ENABLE_OBJC_ARC = YES;
				CLANG_ENABLE_OBJC_WEAK = YES;
				CLANG_WARN_BLOCK_CAPTURE_AUTORELEASING = YES;
				CLANG_WARN_BOOL_CONVERSION = YES;
				CLANG_WARN_COMMA = YES;
				CLANG_WARN_CONSTANT_CONVERSION = YES;
				CLANG_WARN_DEPRECATED_OBJC_IMPLEMENTATIONS = YES;
				CLANG_WARN_DIRECT_OBJC_ISA_USAGE = YES_ERROR;
				CLANG_WARN_DOCUMENTATION_COMMENTS = YES;
				CLANG_WARN_EMPTY_BODY = YES;
				CLANG_WARN_ENUM_CONVERSION = YES;
				CLANG_WARN_INFINITE_RECURSION = YES;
				CLANG_WARN_INT_CONVERSION = YES;
				CLANG_WARN_NON_LITERAL_NULL_CONVERSION = YES;
				CLANG_WARN_OBJC_IMPLICIT_RETAIN_SELF = YES;
				CLANG_WARN_OBJC_LITERAL_CONVERSION = YES;
				CLANG_WARN_OBJC_ROOT_CLASS = YES_ERROR;
				CLANG_WARN_QUOTED_INCLUDE_IN_FRAMEWORK_HEADER = YES;
				CLANG_WARN_RANGE_LOOP_ANALYSIS = YES;
				CLANG_WARN_STRICT_PROTOTYPES = YES;
				CLANG_WARN_SUSPICIOUS_MOVE = YES;
				CLANG_WARN_UNGUARDED_AVAILABILITY = YES_AGGRESSIVE;
				CLANG_WARN_UNREACHABLE_CODE = YES;
				CLANG_WARN__DUPLICATE_METHOD_MATCH = YES;
				COPY_PHASE_STRIP = NO;
				DEBUG_INFORMATION_FORMAT = "dwarf-with-dsym";
				ENABLE_NS_ASSERTIONS = NO;
				ENABLE_STRICT_OBJC_MSGSEND = YES;
				GCC_C_LANGUAGE_STANDARD = gnu11;
				GCC_NO_COMMON_BLOCKS = YES;
				GCC_WARN_64_TO_32_BIT_CONVERSION = YES;
				GCC_WARN_ABOUT_RETURN_TYPE = YES_ERROR;
				GCC_WARN_UNDECLARED_SELECTOR = YES;
				GCC_WARN_UNINITIALIZED_AUTOS = YES_AGGRESSIVE;
				GCC_WARN_UNUSED_FUNCTION = YES;
				GCC_WARN_UNUSED_VARIABLE = YES;
				IPHONEOS_DEPLOYMENT_TARGET = 14.0;
				MTL_ENABLE_DEBUG_INFO = NO;
				MTL_FAST_MATH = YES;
				SDKROOT = iphoneos;
				VALIDATE_PRODUCT = YES;
			};
			name = Release;
		};
		04E733E4253831F500DB33CC /* Debug */ = {
			isa = XCBuildConfiguration;
			buildSettings = {
				ASSETCATALOG_COMPILER_APPICON_NAME = AppIcon;
				ASSETCATALOG_COMPILER_GLOBAL_ACCENT_COLOR_NAME = AccentColor;
				CODE_SIGN_STYLE = Automatic;
				DEVELOPMENT_TEAM = TK8557XFF5;
				INFOPLIST_FILE = font/Info.plist;
				IPHONEOS_DEPLOYMENT_TARGET = 11.2;
				LD_RUNPATH_SEARCH_PATHS = (
					"$(inherited)",
					"@executable_path/Frameworks",
				);
				PRODUCT_BUNDLE_IDENTIFIER = com.zzdriver.www.font;
				PRODUCT_NAME = "$(TARGET_NAME)";
				TARGETED_DEVICE_FAMILY = "1,2";
			};
			name = Debug;
		};
		04E733E5253831F500DB33CC /* Release */ = {
			isa = XCBuildConfiguration;
			buildSettings = {
				ASSETCATALOG_COMPILER_APPICON_NAME = AppIcon;
				ASSETCATALOG_COMPILER_GLOBAL_ACCENT_COLOR_NAME = AccentColor;
				CODE_SIGN_STYLE = Automatic;
				DEVELOPMENT_TEAM = TK8557XFF5;
				INFOPLIST_FILE = font/Info.plist;
				IPHONEOS_DEPLOYMENT_TARGET = 11.2;
				LD_RUNPATH_SEARCH_PATHS = (
					"$(inherited)",
					"@executable_path/Frameworks",
				);
				PRODUCT_BUNDLE_IDENTIFIER = com.zzdriver.www.font;
				PRODUCT_NAME = "$(TARGET_NAME)";
				TARGETED_DEVICE_FAMILY = "1,2";
			};
			name = Release;
		};
		04E733E7253831F500DB33CC /* Debug */ = {
			isa = XCBuildConfiguration;
			buildSettings = {
				BUNDLE_LOADER = "$(TEST_HOST)";
				CODE_SIGN_STYLE = Automatic;
				DEVELOPMENT_TEAM = TK8557XFF5;
				INFOPLIST_FILE = fontTests/Info.plist;
				IPHONEOS_DEPLOYMENT_TARGET = 14.0;
				LD_RUNPATH_SEARCH_PATHS = (
					"$(inherited)",
					"@executable_path/Frameworks",
					"@loader_path/Frameworks",
				);
				PRODUCT_BUNDLE_IDENTIFIER = com.zzdriver.www.fontTests;
				PRODUCT_NAME = "$(TARGET_NAME)";
				TARGETED_DEVICE_FAMILY = "1,2";
				TEST_HOST = "$(BUILT_PRODUCTS_DIR)/font.app/font";
			};
			name = Debug;
		};
		04E733E8253831F500DB33CC /* Release */ = {
			isa = XCBuildConfiguration;
			buildSettings = {
				BUNDLE_LOADER = "$(TEST_HOST)";
				CODE_SIGN_STYLE = Automatic;
				DEVELOPMENT_TEAM = TK8557XFF5;
				INFOPLIST_FILE = fontTests/Info.plist;
				IPHONEOS_DEPLOYMENT_TARGET = 14.0;
				LD_RUNPATH_SEARCH_PATHS = (
					"$(inherited)",
					"@executable_path/Frameworks",
					"@loader_path/Frameworks",
				);
				PRODUCT_BUNDLE_IDENTIFIER = com.zzdriver.www.fontTests;
				PRODUCT_NAME = "$(TARGET_NAME)";
				TARGETED_DEVICE_FAMILY = "1,2";
				TEST_HOST = "$(BUILT_PRODUCTS_DIR)/font.app/font";
			};
			name = Release;
		};
		04E733EA253831F500DB33CC /* Debug */ = {
			isa = XCBuildConfiguration;
			buildSettings = {
				CODE_SIGN_STYLE = Automatic;
				DEVELOPMENT_TEAM = TK8557XFF5;
				INFOPLIST_FILE = fontUITests/Info.plist;
				LD_RUNPATH_SEARCH_PATHS = (
					"$(inherited)",
					"@executable_path/Frameworks",
					"@loader_path/Frameworks",
				);
				PRODUCT_BUNDLE_IDENTIFIER = com.zzdriver.www.fontUITests;
				PRODUCT_NAME = "$(TARGET_NAME)";
				TARGETED_DEVICE_FAMILY = "1,2";
				TEST_TARGET_NAME = font;
			};
			name = Debug;
		};
		04E733EB253831F500DB33CC /* Release */ = {
			isa = XCBuildConfiguration;
			buildSettings = {
				CODE_SIGN_STYLE = Automatic;
				DEVELOPMENT_TEAM = TK8557XFF5;
				INFOPLIST_FILE = fontUITests/Info.plist;
				LD_RUNPATH_SEARCH_PATHS = (
					"$(inherited)",
					"@executable_path/Frameworks",
					"@loader_path/Frameworks",
				);
				PRODUCT_BUNDLE_IDENTIFIER = com.zzdriver.www.fontUITests;
				PRODUCT_NAME = "$(TARGET_NAME)";
				TARGETED_DEVICE_FAMILY = "1,2";
				TEST_TARGET_NAME = font;
			};
			name = Release;
		};
/* End XCBuildConfiguration section */

/* Begin XCConfigurationList section */
		04E733AF253831F300DB33CC /* Build configuration list for PBXProject "font" */ = {
			isa = XCConfigurationList;
			buildConfigurations = (
				04E733E1253831F500DB33CC /* Debug */,
				04E733E2253831F500DB33CC /* Release */,
			);
			defaultConfigurationIsVisible = 0;
			defaultConfigurationName = Release;
		};
		04E733E3253831F500DB33CC /* Build configuration list for PBXNativeTarget "font" */ = {
			isa = XCConfigurationList;
			buildConfigurations = (
				04E733E4253831F500DB33CC /* Debug */,
				04E733E5253831F500DB33CC /* Release */,
			);
			defaultConfigurationIsVisible = 0;
			defaultConfigurationName = Release;
		};
		04E733E6253831F500DB33CC /* Build configuration list for PBXNativeTarget "fontTests" */ = {
			isa = XCConfigurationList;
			buildConfigurations = (
				04E733E7253831F500DB33CC /* Debug */,
				04E733E8253831F500DB33CC /* Release */,
			);
			defaultConfigurationIsVisible = 0;
			defaultConfigurationName = Release;
		};
		04E733E9253831F500DB33CC /* Build configuration list for PBXNativeTarget "fontUITests" */ = {
			isa = XCConfigurationList;
			buildConfigurations = (
				04E733EA253831F500DB33CC /* Debug */,
				04E733EB253831F500DB33CC /* Release */,
			);
			defaultConfigurationIsVisible = 0;
			defaultConfigurationName = Release;
		};
/* End XCConfigurationList section */
	};
	rootObject = 04E733AC253831F300DB33CC /* Project object */;
}
